
Microsoft Visual Studio Solution File, Format Version 12.00
# Visual Studio 15
VisualStudioVersion = 15.0.28307.102
MinimumVisualStudioVersion = 10.0.40219.1
Project("{9A19103F-16F7-4668-BE54-9A1E7A4F7556}") = "LibraryApi", "LibraryApi\LibraryApi.csproj", "{12381D86-0970-4E36-8AC5-7F89CEAC4CBD}"
EndProject
Project("{9A19103F-16F7-4668-BE54-9A1E7A4F7556}") = "LibraryApi.Data", "LibraryApi.Data\LibraryApi.Data.csproj", "{546AB9EB-2091-4628-98B2-C7BE77D678C1}"
EndProject
Global
	GlobalSection(SolutionConfigurationPlatforms) = preSolution
		Debug|Any CPU = Debug|Any CPU
		Release|Any CPU = Release|Any CPU
	EndGlobalSection
	GlobalSection(ProjectConfigurationPlatforms) = postSolution
		{12381D86-0970-4E36-8AC5-7F89CEAC4CBD}.Debug|Any CPU.ActiveCfg = Debug|Any CPU
		{12381D86-0970-4E36-8AC5-7F89CEAC4CBD}.Debug|Any CPU.Build.0 = Debug|Any CPU
		{12381D86-0970-4E36-8AC5-7F89CEAC4CBD}.Release|Any CPU.ActiveCfg = Release|Any CPU
		{12381D86-0970-4E36-8AC5-7F89CEAC4CBD}.Release|Any CPU.Build.0 = Release|Any CPU
		{546AB9EB-2091-4628-98B2-C7BE77D678C1}.Debug|Any CPU.ActiveCfg = Debug|Any CPU
		{546AB9EB-2091-4628-98B2-C7BE77D678C1}.Debug|Any CPU.Build.0 = Debug|Any CPU
		{546AB9EB-2091-4628-98B2-C7BE77D678C1}.Release|Any CPU.ActiveCfg = Release|Any CPU
		{546AB9EB-2091-4628-98B2-C7BE77D678C1}.Release|Any CPU.Build.0 = Release|Any CPU
	EndGlobalSection
	GlobalSection(SolutionProperties) = preSolution
		HideSolutionNode = FALSE
	EndGlobalSection
	GlobalSection(ExtensibilityGlobals) = postSolution
		SolutionGuid = {049C8047-301C-4C44-B440-859EA1DAD69A}
	EndGlobalSection
EndGlobal
